# This file is automatically @generated by Poetry 2.2.1 and should not be changed by hand.

[[package]]
name = "allure-pytest"
version = "2.15.3"
description = "Allure pytest integration"
optional = false
python-versions = "*"
groups = ["main"]
files = [
    {file = "allure_pytest-2.15.3-py3-none-any.whl", hash = "sha256:66711efdc44c7c0d629f4eeab73ca20932f8786c251d61e242449f7b4ec18ca2"},
    {file = "allure_pytest-2.15.3.tar.gz", hash = "sha256:b6576f8258de44f48ec59cfaee73cdbd1142c2ad6cfdc82d894fd1db8abf22e9"},
]

[package.dependencies]
allure-python-commons = "2.15.3"
pytest = ">=4.5.0"

[[package]]
name = "allure-python-commons"
version = "2.15.3"
description = "Contains the API for end users as well as helper functions and classes to build Allure adapters for Python test frameworks"
optional = false
python-versions = ">=3.6"
groups = ["main"]
files = [
    {file = "allure_python_commons-2.15.3-py3-none-any.whl", hash = "sha256:50e9b346d8a060c84af8d19f221bd9da6e1aa0002a4e7f770e151167365219d0"},
    {file = "allure_python_commons-2.15.3.tar.gz", hash = "sha256:b42a96d6076fb323c9e43645dfb84c0574f6bad0a0e005d92564015cd172d564"},
]

[package.dependencies]
attrs = ">=16.0.0"
pluggy = ">=0.4.0"

[[package]]
name = "allure-python-commons-test"
version = "2.15.3"
description = "A collection of PyHamcrest matchers to test Allure adapters for Python test frameworks"
optional = false
python-versions = "*"
groups = ["main"]
files = [
    {file = "allure_python_commons_test-2.15.3-py3-none-any.whl", hash = "sha256:a39765c28949a51109590d18cb2b77d21c69bce27870f9c33d1efbebd44a65f0"},
    {file = "allure_python_commons_test-2.15.3.tar.gz", hash = "sha256:7918e3b318979bfee73326894b9a57869366ae33a19ddd68efe17d6701b323f2"},
]

[package.dependencies]
pyhamcrest = ">=1.9.0"

[[package]]
name = "attrs"
version = "25.4.0"
description = "Classes Without Boilerplate"
optional = false
python-versions = ">=3.9"
groups = ["main"]
files = [
    {file = "attrs-25.4.0-py3-none-any.whl", hash = "sha256:adcf7e2a1fb3b36ac48d97835bb6d8ade15b8dcce26aba8bf1d14847b57a3373"},
    {file = "attrs-25.4.0.tar.gz", hash = "sha256:16d5969b87f0859ef33a48b35d55ac1be6e42ae49d5e853b597db70c35c57e11"},
]

[[package]]
name = "colorama"
version = "0.4.6"
description = "Cross-platform colored terminal text."
optional = false
python-versions = "!=3.0.*,!=3.1.*,!=3.2.*,!=3.3.*,!=3.4.*,!=3.5.*,!=3.6.*,>=2.7"
groups = ["main"]
markers = "sys_platform == \"win32\""
files = [
    {file = "colorama-0.4.6-py2.py3-none-any.whl", hash = "sha256:4f1d9991f5acc0ca119f9d443620b77f9d6b33703e51011c16baf57afb285fc6"},
    {file = "colorama-0.4.6.tar.gz", hash = "sha256:08695f5cb7ed6e0531a20572697297273c47b8cae5a63ffc6d6ed5c201be6e44"},
]

[[package]]
name = "execnet"
version = "2.1.2"
description = "execnet: rapid multi-Python deployment"
optional = false
python-versions = ">=3.8"
groups = ["main"]
files = [
    {file = "execnet-2.1.2-py3-none-any.whl", hash = "sha256:67fba928dd5a544b783f6056f449e5e3931a5c378b128bc18501f7ea79e296ec"},
    {file = "execnet-2.1.2.tar.gz", hash = "sha256:63d83bfdd9a23e35b9c6a3261412324f964c2ec8dcd8d3c6916ee9373e0befcd"},
]

[package.extras]
testing = ["hatch", "pre-commit", "pytest", "tox"]

[[package]]
name = "iniconfig"
version = "2.3.0"
description = "brain-dead simple config-ini parsing"
optional = false
python-versions = ">=3.10"
groups = ["main"]
files = [
    {file = "iniconfig-2.3.0-py3-none-any.whl", hash = "sha256:f631c04d2c48c52b84d0d0549c99ff3859c98df65b3101406327ecc7d53fbf12"},
    {file = "iniconfig-2.3.0.tar.gz", hash = "sha256:c76315c77db068650d49c5b56314774a7804df16fee4402c1f19d6d15d8c4730"},
]

[[package]]
name = "packaging"
version = "26.0"
description = "Core utilities for Python packages"
optional = false
python-versions = ">=3.8"
groups = ["main"]
files = [
    {file = "packaging-26.0-py3-none-any.whl", hash = "sha256:b36f1fef9334a5588b4166f8bcd26a14e521f2b55e6b9de3aaa80d3ff7a37529"},
    {file = "packaging-26.0.tar.gz", hash = "sha256:00243ae351a257117b6a241061796684b084ed1c516a08c48a3f7e147a9d80b4"},
]

[[package]]
name = "pluggy"
version = "1.6.0"
description = "plugin and hook calling mechanisms for python"
optional = false
python-versions = ">=3.9"
groups = ["main"]
files = [
    {file = "pluggy-1.6.0-py3-none-any.whl", hash = "sha256:e920276dd6813095e9377c0bc5566d94c932c33b27a3e3945d8389c374dd4746"},
    {file = "pluggy-1.6.0.tar.gz", hash = "sha256:7dcc130b76258d33b90f61b658791dede3486c3e6bfb003ee5c9bfb396dd22f3"},
]

[package.extras]
dev = ["pre-commit", "tox"]
testing = ["coverage", "pytest", "pytest-benchmark"]

[[package]]
name = "pygments"
version = "2.19.2"
description = "Pygments is a syntax highlighting package written in Python."
optional = false
python-versions = ">=3.8"
groups = ["main"]
files = [
    {file = "pygments-2.19.2-py3-none-any.whl", hash = "sha256:86540386c03d588bb81d44bc3928634ff26449851e99741617ecb9037ee5ec0b"},
    {file = "pygments-2.19.2.tar.gz", hash = "sha256:636cb2477cec7f8952536970bc533bc43743542f70392ae026374600add5b887"},
]

[package.extras]
windows-terminal = ["colorama (>=0.4.6)"]

[[package]]
name = "pyhamcrest"
version = "2.1.0"
description = "Hamcrest framework for matcher objects"
optional = false
python-versions = ">=3.6"
groups = ["main"]
files = [
    {file = "pyhamcrest-2.1.0-py3-none-any.whl", hash = "sha256:f6913d2f392e30e0375b3ecbd7aee79e5d1faa25d345c8f4ff597665dcac2587"},
    {file = "pyhamcrest-2.1.0.tar.gz", hash = "sha256:c6acbec0923d0cb7e72c22af1926f3e7c97b8e8d69fc7498eabacaf7c975bd9c"},
]

[package.extras]
dev = ["black", "doc2dash", "flake8", "pyhamcrest[docs,tests]", "pytest-mypy", "towncrier", "tox", "tox-asdf", "twine"]
docs = ["alabaster (>=0.7,<1.0)", "sphinx (>=4.0,<5.0)"]
tests = ["coverage[toml]", "dataclasses ; python_version < \"3.7\"", "mypy (!=0.940) ; platform_python_implementation != \"PyPy\"", "pytest (>=5.0)", "pytest-mypy-plugins ; platform_python_implementation != \"PyPy\"", "pytest-sugar", "pytest-xdist", "pyyaml", "types-dataclasses ; python_version < \"3.7\"", "types-mock"]
tests-numpy = ["numpy", "pyhamcrest[tests]"]

[[package]]
name = "pytest"
version = "9.0.2"
description = "pytest: simple powerful testing with Python"
optional = false
python-versions = ">=3.10"
groups = ["main"]
files = [
    {file = "pytest-9.0.2-py3-none-any.whl", hash = "sha256:711ffd45bf766d5264d487b917733b453d917afd2b0ad65223959f59089f875b"},
    {file = "pytest-9.0.2.tar.gz", hash = "sha256:75186651a92bd89611d1d9fc20f0b4345fd827c41ccd5c299a868a05d70edf11"},
]

[package.dependencies]
colorama = {version = ">=0.4", markers = "sys_platform == \"win32\""}
iniconfig = ">=1.0.1"
packaging = ">=22"
pluggy = ">=1.5,<2"
pygments = ">=2.7.2"

[package.extras]
dev = ["argcomplete", "attrs (>=19.2)", "hypothesis (>=3.56)", "mock", "requests", "setuptools", "xmlschema"]

[[package]]
name = "pytest-xdist"
version = "3.8.0"
description = "pytest xdist plugin for distributed testing, most importantly across multiple CPUs"
optional = false
python-versions = ">=3.9"
groups = ["main"]
files = [
    {file = "pytest_xdist-3.8.0-py3-none-any.whl", hash = "sha256:202ca578cfeb7370784a8c33d6d05bc6e13b4f25b5053c30a152269fd10f0b88"},
    {file = "pytest_xdist-3.8.0.tar.gz", hash = "sha256:7e578125ec9bc6050861aa93f2d59f1d8d085595d6551c2c90b6f4fad8d3a9f1"},
]

[package.dependencies]
execnet = ">=2.1"
pytest = ">=7.0.0"

[package.extras]
psutil = ["psutil (>=3.0)"]
setproctitle = ["setproctitle"]
testing = ["filelock"]

[metadata]
lock-version = "2.1"
python-versions = ">=3.12"
content-hash = "2aa80e9657de9185e2d8ab21139efc17e38792e840cb720fb72634848c80f1be"
